
Microsoft Visual Studio Solution File, Format Version 12.00
# Visual Studio Version 16
VisualStudioVersion = 16.0.30804.86
MinimumVisualStudioVersion = 10.0.40219.1
Project("{2150E333-8FDC-42A3-9474-1A3956D46DE8}") = "src", "src", "{3141579A-706E-46CC-AE8B-B22C4EB22568}"
EndProject
Project("{2150E333-8FDC-42A3-9474-1A3956D46DE8}") = "tests", "tests", "{B6FAB109-9BA9-4346-8D6A-531CCE88784B}"
EndProject
Project("{2150E333-8FDC-42A3-9474-1A3956D46DE8}") = "0 Domain", "0 Domain", "{BB63BFC1-9B17-41B9-BE00-6173274349E1}"
EndProject
Project("{2150E333-8FDC-42A3-9474-1A3956D46DE8}") = "1 Applicaction", "1 Applicaction", "{20FB296E-C669-4AE6-9AA0-917B48C2A064}"
EndProject
Project("{2150E333-8FDC-42A3-9474-1A3956D46DE8}") = "2 Infrastructure", "2 Infrastructure", "{6B9E8106-8E5B-48A3-B0C7-A534FAEF8364}"
EndProject
Project("{2150E333-8FDC-42A3-9474-1A3956D46DE8}") = "3 Presentation", "3 Presentation", "{AF5B524F-B017-4EDD-ACA4-8B07B591F417}"
EndProject
Project("{FAE04EC0-301F-11D3-BF4B-00C04F79EFBC}") = "Domain", "Domain\Domain.csproj", "{F822E42A-5378-4292-A714-30CB0CCFD99C}"
EndProject
Project("{FAE04EC0-301F-11D3-BF4B-00C04F79EFBC}") = "Application", "Application\Application.csproj", "{7619A90C-929B-48B0-8EFF-88303F3115EB}"
EndProject
Project("{FAE04EC0-301F-11D3-BF4B-00C04F79EFBC}") = "Infrastructure", "Infrastructure\Infrastructure.csproj", "{3EEC97CF-BF3B-4994-BC68-1965A62BF2AD}"
EndProject
Project("{9A19103F-16F7-4668-BE54-9A1E7A4F7556}") = "ApiGrup", "ApiGrup\ApiGrup.csproj", "{8A99B380-1042-4252-8690-425221584CA5}"
EndProject
Global
	GlobalSection(SolutionConfigurationPlatforms) = preSolution
		Debug|Any CPU = Debug|Any CPU
		Release|Any CPU = Release|Any CPU
	EndGlobalSection
	GlobalSection(ProjectConfigurationPlatforms) = postSolution
		{F822E42A-5378-4292-A714-30CB0CCFD99C}.Debug|Any CPU.ActiveCfg = Debug|Any CPU
		{F822E42A-5378-4292-A714-30CB0CCFD99C}.Debug|Any CPU.Build.0 = Debug|Any CPU
		{F822E42A-5378-4292-A714-30CB0CCFD99C}.Release|Any CPU.ActiveCfg = Release|Any CPU
		{F822E42A-5378-4292-A714-30CB0CCFD99C}.Release|Any CPU.Build.0 = Release|Any CPU
		{7619A90C-929B-48B0-8EFF-88303F3115EB}.Debug|Any CPU.ActiveCfg = Debug|Any CPU
		{7619A90C-929B-48B0-8EFF-88303F3115EB}.Debug|Any CPU.Build.0 = Debug|Any CPU
		{7619A90C-929B-48B0-8EFF-88303F3115EB}.Release|Any CPU.ActiveCfg = Release|Any CPU
		{7619A90C-929B-48B0-8EFF-88303F3115EB}.Release|Any CPU.Build.0 = Release|Any CPU
		{3EEC97CF-BF3B-4994-BC68-1965A62BF2AD}.Debug|Any CPU.ActiveCfg = Debug|Any CPU
		{3EEC97CF-BF3B-4994-BC68-1965A62BF2AD}.Debug|Any CPU.Build.0 = Debug|Any CPU
		{3EEC97CF-BF3B-4994-BC68-1965A62BF2AD}.Release|Any CPU.ActiveCfg = Release|Any CPU
		{3EEC97CF-BF3B-4994-BC68-1965A62BF2AD}.Release|Any CPU.Build.0 = Release|Any CPU
		{8A99B380-1042-4252-8690-425221584CA5}.Debug|Any CPU.ActiveCfg = Debug|Any CPU
		{8A99B380-1042-4252-8690-425221584CA5}.Debug|Any CPU.Build.0 = Debug|Any CPU
		{8A99B380-1042-4252-8690-425221584CA5}.Release|Any CPU.ActiveCfg = Release|Any CPU
		{8A99B380-1042-4252-8690-425221584CA5}.Release|Any CPU.Build.0 = Release|Any CPU
	EndGlobalSection
	GlobalSection(SolutionProperties) = preSolution
		HideSolutionNode = FALSE
	EndGlobalSection
	GlobalSection(NestedProjects) = preSolution
		{BB63BFC1-9B17-41B9-BE00-6173274349E1} = {3141579A-706E-46CC-AE8B-B22C4EB22568}
		{20FB296E-C669-4AE6-9AA0-917B48C2A064} = {3141579A-706E-46CC-AE8B-B22C4EB22568}
		{6B9E8106-8E5B-48A3-B0C7-A534FAEF8364} = {3141579A-706E-46CC-AE8B-B22C4EB22568}
		{AF5B524F-B017-4EDD-ACA4-8B07B591F417} = {3141579A-706E-46CC-AE8B-B22C4EB22568}
		{F822E42A-5378-4292-A714-30CB0CCFD99C} = {BB63BFC1-9B17-41B9-BE00-6173274349E1}
		{7619A90C-929B-48B0-8EFF-88303F3115EB} = {20FB296E-C669-4AE6-9AA0-917B48C2A064}
		{3EEC97CF-BF3B-4994-BC68-1965A62BF2AD} = {6B9E8106-8E5B-48A3-B0C7-A534FAEF8364}
		{8A99B380-1042-4252-8690-425221584CA5} = {AF5B524F-B017-4EDD-ACA4-8B07B591F417}
	EndGlobalSection
	GlobalSection(ExtensibilityGlobals) = postSolution
		SolutionGuid = {96BA918C-F4B0-4749-9B98-4A773BF40AA8}
	EndGlobalSection
EndGlobal
